Microsoft Visual Studio Solution File, Format Version 11.00
# Visual Studio 2008

Project("{0874B32F-1566-F34F-91C7-1AD43DBB0585}") = "Dig M Up(edited by Joris)", "Assembly-CSharp-firstpass.csproj", "{C1560F88-049D-6ADB-37FF-7A4FAE46C594}"
EndProject
Project("{0874B32F-1566-F34F-91C7-1AD43DBB0585}") = "Dig M Up(edited by Joris)", "Assembly-CSharp.csproj", "{A6BF446E-3B14-F93A-3B70-78EE9D983FBA}"
EndProject
Project("{0874B32F-1566-F34F-91C7-1AD43DBB0585}") = "Dig M Up(edited by Joris)", "Assembly-CSharp-Editor.csproj", "{9DBD6825-8F9C-7A05-E170-5728CA5111D6}"
EndProject
Global
	GlobalSection(SolutionConfigurationPlatforms) = preSolution
		Debug|Any CPU = Debug|Any CPU
		Release|Any CPU = Release|Any CPU
	EndGlobalSection
	GlobalSection(ProjectConfigurationPlatforms) = postSolution
		{C1560F88-049D-6ADB-37FF-7A4FAE46C594}.Debug|Any CPU.ActiveCfg = Debug|Any CPU
		{C1560F88-049D-6ADB-37FF-7A4FAE46C594}.Debug|Any CPU.Build.0 = Debug|Any CPU
		{C1560F88-049D-6ADB-37FF-7A4FAE46C594}.Release|Any CPU.ActiveCfg = Release|Any CPU
		{C1560F88-049D-6ADB-37FF-7A4FAE46C594}.Release|Any CPU.Build.0 = Release|Any CPU
		{A6BF446E-3B14-F93A-3B70-78EE9D983FBA}.Debug|Any CPU.ActiveCfg = Debug|Any CPU
		{A6BF446E-3B14-F93A-3B70-78EE9D983FBA}.Debug|Any CPU.Build.0 = Debug|Any CPU
		{A6BF446E-3B14-F93A-3B70-78EE9D983FBA}.Release|Any CPU.ActiveCfg = Release|Any CPU
		{A6BF446E-3B14-F93A-3B70-78EE9D983FBA}.Release|Any CPU.Build.0 = Release|Any CPU
		{9DBD6825-8F9C-7A05-E170-5728CA5111D6}.Debug|Any CPU.ActiveCfg = Debug|Any CPU
		{9DBD6825-8F9C-7A05-E170-5728CA5111D6}.Debug|Any CPU.Build.0 = Debug|Any CPU
		{9DBD6825-8F9C-7A05-E170-5728CA5111D6}.Release|Any CPU.ActiveCfg = Release|Any CPU
		{9DBD6825-8F9C-7A05-E170-5728CA5111D6}.Release|Any CPU.Build.0 = Release|Any CPU
	EndGlobalSection
	GlobalSection(SolutionProperties) = preSolution
		HideSolutionNode = FALSE
	EndGlobalSection
											GlobalSection(MonoDevelopProperties) = preSolution
		StartupItem = Assembly-CSharp.csproj
		Policies = $0
		$0.TextStylePolicy = $1
		$1.inheritsSet = null
		$1.scope = text/x-csharp
		$0.CSharpFormattingPolicy = $2
		$2.inheritsSet = Mono
		$2.inheritsScope = text/x-csharp
		$2.scope = text/x-csharp
		$0.TextStylePolicy = $3
		$3.FileWidth = 120
		$3.TabWidth = 4
		$3.IndentWidth = 4
		$3.EolMarker = Unix
		$3.inheritsSet = Mono
		$3.inheritsScope = text/plain
		$3.scope = text/plain
	EndGlobalSection

EndGlobal
